
Microsoft Visual Studio Solution File, Format Version 12.00
# Visual Studio 15
VisualStudioVersion = 15.0.26430.16
MinimumVisualStudioVersion = 10.0.40219.1
Project("{FAE04EC0-301F-11D3-BF4B-00C04F79EFBC}") = "Vidly", "Vidly\Vidly.csproj", "{A55A9059-D0F7-467A-84AD-6622AD12E374}"
EndProject
Project("{FAE04EC0-301F-11D3-BF4B-00C04F79EFBC}") = "Vidly.Testleri", "Vidly.Testleri\Vidly.Testleri.csproj", "{F6547F0C-7192-4A26-87CF-FAB60A6B77F0}"
EndProject
Global
	GlobalSection(SolutionConfigurationPlatforms) = preSolution
		Debug|Any CPU = Debug|Any CPU
		Release|Any CPU = Release|Any CPU
	EndGlobalSection
	GlobalSection(ProjectConfigurationPlatforms) = postSolution
		{A55A9059-D0F7-467A-84AD-6622AD12E374}.Debug|Any CPU.ActiveCfg = Debug|Any CPU
		{A55A9059-D0F7-467A-84AD-6622AD12E374}.Debug|Any CPU.Build.0 = Debug|Any CPU
		{A55A9059-D0F7-467A-84AD-6622AD12E374}.Release|Any CPU.ActiveCfg = Release|Any CPU
		{A55A9059-D0F7-467A-84AD-6622AD12E374}.Release|Any CPU.Build.0 = Release|Any CPU
		{F6547F0C-7192-4A26-87CF-FAB60A6B77F0}.Debug|Any CPU.ActiveCfg = Debug|Any CPU
		{F6547F0C-7192-4A26-87CF-FAB60A6B77F0}.Debug|Any CPU.Build.0 = Debug|Any CPU
		{F6547F0C-7192-4A26-87CF-FAB60A6B77F0}.Release|Any CPU.ActiveCfg = Release|Any CPU
		{F6547F0C-7192-4A26-87CF-FAB60A6B77F0}.Release|Any CPU.Build.0 = Release|Any CPU
	EndGlobalSection
	GlobalSection(SolutionProperties) = preSolution
		HideSolutionNode = FALSE
	EndGlobalSection
EndGlobal
